
Microsoft Visual Studio Solution File, Format Version 11.00
# Visual Studio 2010
Project("{FAE04EC0-301F-11D3-BF4B-00C04F79EFBC}") = "Assembly-CSharp", "Assembly-CSharp.csproj", "{671E3C35-B849-01DA-225F-6F076F999894}"
EndProject
Project("{FAE04EC0-301F-11D3-BF4B-00C04F79EFBC}") = "Assembly-CSharp-firstpass", "Assembly-CSharp-firstpass.csproj", "{80DBEF6D-2301-A141-B3A7-2D5DA5CCC2A7}"
EndProject
Project("{FAE04EC0-301F-11D3-BF4B-00C04F79EFBC}") = "Assembly-CSharp-Editor-firstpass", "Assembly-CSharp-Editor-firstpass.csproj", "{B29C9719-F16D-2E72-337B-25DAD4A5FFB4}"
EndProject
Project("{FAE04EC0-301F-11D3-BF4B-00C04F79EFBC}") = "Assembly-CSharp-Editor", "Assembly-CSharp-Editor.csproj", "{1BFD0EA4-3016-1016-6778-74037D309A05}"
EndProject
Global
	GlobalSection(SolutionConfigurationPlatforms) = preSolution
		Debug|Any CPU = Debug|Any CPU
		Release|Any CPU = Release|Any CPU
	EndGlobalSection
	GlobalSection(ProjectConfigurationPlatforms) = postSolution
		{671E3C35-B849-01DA-225F-6F076F999894}.Debug|Any CPU.ActiveCfg = Debug|Any CPU
		{671E3C35-B849-01DA-225F-6F076F999894}.Debug|Any CPU.Build.0 = Debug|Any CPU
		{671E3C35-B849-01DA-225F-6F076F999894}.Release|Any CPU.ActiveCfg = Release|Any CPU
		{671E3C35-B849-01DA-225F-6F076F999894}.Release|Any CPU.Build.0 = Release|Any CPU
		{80DBEF6D-2301-A141-B3A7-2D5DA5CCC2A7}.Debug|Any CPU.ActiveCfg = Debug|Any CPU
		{80DBEF6D-2301-A141-B3A7-2D5DA5CCC2A7}.Debug|Any CPU.Build.0 = Debug|Any CPU
		{80DBEF6D-2301-A141-B3A7-2D5DA5CCC2A7}.Release|Any CPU.ActiveCfg = Release|Any CPU
		{80DBEF6D-2301-A141-B3A7-2D5DA5CCC2A7}.Release|Any CPU.Build.0 = Release|Any CPU
		{B29C9719-F16D-2E72-337B-25DAD4A5FFB4}.Debug|Any CPU.ActiveCfg = Debug|Any CPU
		{B29C9719-F16D-2E72-337B-25DAD4A5FFB4}.Debug|Any CPU.Build.0 = Debug|Any CPU
		{B29C9719-F16D-2E72-337B-25DAD4A5FFB4}.Release|Any CPU.ActiveCfg = Release|Any CPU
		{B29C9719-F16D-2E72-337B-25DAD4A5FFB4}.Release|Any CPU.Build.0 = Release|Any CPU
		{1BFD0EA4-3016-1016-6778-74037D309A05}.Debug|Any CPU.ActiveCfg = Debug|Any CPU
		{1BFD0EA4-3016-1016-6778-74037D309A05}.Debug|Any CPU.Build.0 = Debug|Any CPU
		{1BFD0EA4-3016-1016-6778-74037D309A05}.Release|Any CPU.ActiveCfg = Release|Any CPU
		{1BFD0EA4-3016-1016-6778-74037D309A05}.Release|Any CPU.Build.0 = Release|Any CPU
	EndGlobalSection
	GlobalSection(SolutionProperties) = preSolution
		HideSolutionNode = FALSE
	EndGlobalSection
	GlobalSection(MonoDevelopProperties) = preSolution
		StartupItem = Assembly-CSharp.csproj
	EndGlobalSection
EndGlobal
